
Microsoft Visual Studio Solution File, Format Version 12.00
# Visual Studio Version 17
VisualStudioVersion = 17.0.31903.59
MinimumVisualStudioVersion = 10.0.40219.1
Project("{FAE04EC0-301F-11D3-BF4B-00C04F79EFBC}") = "Server", "Server\Server.csproj", "{36E26AE9-65BC-4EF7-B66F-7D0D6307A1DA}"
EndProject
Project("{FAE04EC0-301F-11D3-BF4B-00C04F79EFBC}") = "Client", "Client\Client.csproj", "{EC2BB025-8E65-43C9-B93B-BE34D5D01ED1}"
EndProject
Global
	GlobalSection(SolutionConfigurationPlatforms) = preSolution
		Debug|Any CPU = Debug|Any CPU
		Debug|x64 = Debug|x64
		Debug|x86 = Debug|x86
		Release|Any CPU = Release|Any CPU
		Release|x64 = Release|x64
		Release|x86 = Release|x86
	EndGlobalSection
	GlobalSection(ProjectConfigurationPlatforms) = postSolution
		{36E26AE9-65BC-4EF7-B66F-7D0D6307A1DA}.Debug|Any CPU.ActiveCfg = Debug|Any CPU
		{36E26AE9-65BC-4EF7-B66F-7D0D6307A1DA}.Debug|Any CPU.Build.0 = Debug|Any CPU
		{36E26AE9-65BC-4EF7-B66F-7D0D6307A1DA}.Debug|x64.ActiveCfg = Debug|Any CPU
		{36E26AE9-65BC-4EF7-B66F-7D0D6307A1DA}.Debug|x64.Build.0 = Debug|Any CPU
		{36E26AE9-65BC-4EF7-B66F-7D0D6307A1DA}.Debug|x86.ActiveCfg = Debug|Any CPU
		{36E26AE9-65BC-4EF7-B66F-7D0D6307A1DA}.Debug|x86.Build.0 = Debug|Any CPU
		{36E26AE9-65BC-4EF7-B66F-7D0D6307A1DA}.Release|Any CPU.ActiveCfg = Release|Any CPU
		{36E26AE9-65BC-4EF7-B66F-7D0D6307A1DA}.Release|Any CPU.Build.0 = Release|Any CPU
		{36E26AE9-65BC-4EF7-B66F-7D0D6307A1DA}.Release|x64.ActiveCfg = Release|Any CPU
		{36E26AE9-65BC-4EF7-B66F-7D0D6307A1DA}.Release|x64.Build.0 = Release|Any CPU
		{36E26AE9-65BC-4EF7-B66F-7D0D6307A1DA}.Release|x86.ActiveCfg = Release|Any CPU
		{36E26AE9-65BC-4EF7-B66F-7D0D6307A1DA}.Release|x86.Build.0 = Release|Any CPU
		{EC2BB025-8E65-43C9-B93B-BE34D5D01ED1}.Debug|Any CPU.ActiveCfg = Debug|Any CPU
		{EC2BB025-8E65-43C9-B93B-BE34D5D01ED1}.Debug|Any CPU.Build.0 = Debug|Any CPU
		{EC2BB025-8E65-43C9-B93B-BE34D5D01ED1}.Debug|x64.ActiveCfg = Debug|Any CPU
		{EC2BB025-8E65-43C9-B93B-BE34D5D01ED1}.Debug|x64.Build.0 = Debug|Any CPU
		{EC2BB025-8E65-43C9-B93B-BE34D5D01ED1}.Debug|x86.ActiveCfg = Debug|Any CPU
		{EC2BB025-8E65-43C9-B93B-BE34D5D01ED1}.Debug|x86.Build.0 = Debug|Any CPU
		{EC2BB025-8E65-43C9-B93B-BE34D5D01ED1}.Release|Any CPU.ActiveCfg = Release|Any CPU
		{EC2BB025-8E65-43C9-B93B-BE34D5D01ED1}.Release|Any CPU.Build.0 = Release|Any CPU
		{EC2BB025-8E65-43C9-B93B-BE34D5D01ED1}.Release|x64.ActiveCfg = Release|Any CPU
		{EC2BB025-8E65-43C9-B93B-BE34D5D01ED1}.Release|x64.Build.0 = Release|Any CPU
		{EC2BB025-8E65-43C9-B93B-BE34D5D01ED1}.Release|x86.ActiveCfg = Release|Any CPU
		{EC2BB025-8E65-43C9-B93B-BE34D5D01ED1}.Release|x86.Build.0 = Release|Any CPU
	EndGlobalSection
	GlobalSection(SolutionProperties) = preSolution
		HideSolutionNode = FALSE
	EndGlobalSection
	GlobalSection(ExtensibilityGlobals) = postSolution
		SolutionGuid = {AC380D6E-0336-488F-80F1-62D02B029096}
	EndGlobalSection
EndGlobal
